{
  "projects": [
    {
      "projectId": "r3ASNrnyvLLLAtDvzUioQ",
      "version": "3.15.0",
      "dependencies": {},
      "lang": "js",
      "fileLocks": [
        {
          "assetId": "r3ASNrnyvLLLAtDvzUioQ",
          "type": "projectCss",
          "checksum": "97ec772be5160e37b26814fd84fdccb9"
        }
      ],
      "codegenVersion": "0.0.1"
    },
    {
      "projectId": "ohDidvG9XsCeFumugENU3J",
      "version": "4.6.0",
      "dependencies": {},
      "lang": "js",
      "fileLocks": [
        {
          "assetId": "ohDidvG9XsCeFumugENU3J",
          "type": "projectCss",
          "checksum": "fd83b730367fdbde2c69bc6cf31c2a3c"
        },
        {
          "assetId": "ohDidvG9XsCeFumugENU3J",
          "checksum": "8f45a75070e2f0edc34a4dc3d5f6b736",
          "type": "globalContexts"
        }
      ],
      "codegenVersion": "0.0.1"
    },
    {
      "projectId": "22U3ZXm4dE59qEW488gxzU",
      "version": "0.17.0",
      "dependencies": {},
      "lang": "js",
      "fileLocks": [
        {
          "assetId": "22U3ZXm4dE59qEW488gxzU",
          "type": "projectCss",
          "checksum": "378b46b2b5bf0308d8e810f8a369fe93"
        },
        {
          "assetId": "22U3ZXm4dE59qEW488gxzU",
          "checksum": "6841b93ead8782d589ba61e703f58b25",
          "type": "globalContexts"
        }
      ],
      "codegenVersion": "0.0.1"
    },
    {
      "projectId": "YUiM7yqBWAqsh8KSnrdj7",
      "version": "0.19.0",
      "dependencies": {},
      "lang": "js",
      "fileLocks": [
        {
          "assetId": "YUiM7yqBWAqsh8KSnrdj7",
          "type": "projectCss",
          "checksum": "dac72600b04b6e6a3014e82512a15fe1"
        }
      ],
      "codegenVersion": "0.0.1"
    },
    {
      "projectId": "hGXuZyzubCg89KNadA76kG",
      "version": "latest",
      "dependencies": {
        "YUiM7yqBWAqsh8KSnrdj7": "0.19.0",
        "22U3ZXm4dE59qEW488gxzU": "0.17.0",
        "ohDidvG9XsCeFumugENU3J": "4.6.0",
        "r3ASNrnyvLLLAtDvzUioQ": "3.15.0"
      },
      "lang": "js",
      "fileLocks": [
        {
          "type": "globalVariant",
          "assetId": "ewUCRv9bcIxS9Q",
          "checksum": "17c5ec2e37aa3db442c5ee73ab5bfb70"
        },
        {
          "assetId": "hGXuZyzubCg89KNadA76kG",
          "type": "projectCss",
          "checksum": "6512579a2348ca5d5be05b343172e3a2"
        },
        {
          "assetId": "hGXuZyzubCg89KNadA76kG",
          "checksum": "22a21a6fa4d9455f4a03d9578917f5fb",
          "type": "globalContexts"
        },
        {
          "type": "renderModule",
          "assetId": "q3jaGBWuRZ2D0",
          "checksum": "4155533aee3bdcb480be223cede7ede4"
        },
        {
          "type": "cssRules",
          "assetId": "q3jaGBWuRZ2D0",
          "checksum": "4155533aee3bdcb480be223cede7ede4"
        },
        {
          "type": "renderModule",
          "assetId": "qNCDht1Qh77BPu",
          "checksum": "ddd1e7ccdf2be72b7286db4a538f140e"
        },
        {
          "type": "cssRules",
          "assetId": "qNCDht1Qh77BPu",
          "checksum": "ddd1e7ccdf2be72b7286db4a538f140e"
        },
        {
          "type": "renderModule",
          "assetId": "woT5S-tUFYLUvu",
          "checksum": "2bd56db8e3fbe053d1f35ef6d652fff1"
        },
        {
          "type": "cssRules",
          "assetId": "woT5S-tUFYLUvu",
          "checksum": "2bd56db8e3fbe053d1f35ef6d652fff1"
        },
        {
          "type": "renderModule",
          "assetId": "UuXsn9rLnx5_Hg",
          "checksum": "3286967820aecf5958d53eb7b537cbcc"
        },
        {
          "type": "cssRules",
          "assetId": "UuXsn9rLnx5_Hg",
          "checksum": "3286967820aecf5958d53eb7b537cbcc"
        },
        {
          "type": "renderModule",
          "assetId": "JmIOrr9KRal-Yq",
          "checksum": "e398bcb56c3ef0143ebc67b40a26dc7d"
        },
        {
          "type": "cssRules",
          "assetId": "JmIOrr9KRal-Yq",
          "checksum": "e398bcb56c3ef0143ebc67b40a26dc7d"
        },
        {
          "type": "renderModule",
          "assetId": "-xpbU0GopsOktq",
          "checksum": "cafe4842a1a0d4029c47eeef6f098a3a"
        },
        {
          "type": "cssRules",
          "assetId": "-xpbU0GopsOktq",
          "checksum": "cafe4842a1a0d4029c47eeef6f098a3a"
        },
        {
          "type": "renderModule",
          "assetId": "AHmQZeuRNXKDJT",
          "checksum": "214876b4f416af26b5a7245a59f27328"
        },
        {
          "type": "cssRules",
          "assetId": "AHmQZeuRNXKDJT",
          "checksum": "214876b4f416af26b5a7245a59f27328"
        },
        {
          "type": "renderModule",
          "assetId": "TJACu2L2OwBxS-",
          "checksum": "3c6fea571aa6e27a76d0ae27563a1997"
        },
        {
          "type": "cssRules",
          "assetId": "TJACu2L2OwBxS-",
          "checksum": "3c6fea571aa6e27a76d0ae27563a1997"
        },
        {
          "type": "renderModule",
          "assetId": "-M03wv0SUXtA",
          "checksum": "ca72e10beee609d3ac0be2a16e56aa00"
        },
        {
          "type": "cssRules",
          "assetId": "-M03wv0SUXtA",
          "checksum": "ca72e10beee609d3ac0be2a16e56aa00"
        },
        {
          "type": "renderModule",
          "assetId": "mqxYiv9Fg71Gi",
          "checksum": "e528c0df95e7ab818734e6238c91c6a9"
        },
        {
          "type": "cssRules",
          "assetId": "mqxYiv9Fg71Gi",
          "checksum": "e528c0df95e7ab818734e6238c91c6a9"
        },
        {
          "type": "renderModule",
          "assetId": "MDMZm_31JjgtLv",
          "checksum": "465d3809cbe8f110d0a7345b16066527"
        },
        {
          "type": "cssRules",
          "assetId": "MDMZm_31JjgtLv",
          "checksum": "465d3809cbe8f110d0a7345b16066527"
        },
        {
          "type": "renderModule",
          "assetId": "n-YEF70CyBS3Nn",
          "checksum": "ac7aa1ec4321fd772c903948efe3e1d3"
        },
        {
          "type": "cssRules",
          "assetId": "n-YEF70CyBS3Nn",
          "checksum": "ac7aa1ec4321fd772c903948efe3e1d3"
        },
        {
          "type": "renderModule",
          "assetId": "fFEopN_-lUf6Cj",
          "checksum": "fa0dc000335c4241279ba2a038eaac31"
        },
        {
          "type": "cssRules",
          "assetId": "fFEopN_-lUf6Cj",
          "checksum": "fa0dc000335c4241279ba2a038eaac31"
        },
        {
          "type": "renderModule",
          "assetId": "BRc7O5MO5S7eOb",
          "checksum": "c5e5c1e1af030a29e4e4ef406a13a2e3"
        },
        {
          "type": "cssRules",
          "assetId": "BRc7O5MO5S7eOb",
          "checksum": "c5e5c1e1af030a29e4e4ef406a13a2e3"
        },
        {
          "type": "renderModule",
          "assetId": "4gcqmAcsf3nuJA",
          "checksum": "5fd9c5d6bea8b651e4f69f0065c83a7c"
        },
        {
          "type": "cssRules",
          "assetId": "4gcqmAcsf3nuJA",
          "checksum": "5fd9c5d6bea8b651e4f69f0065c83a7c"
        },
        {
          "type": "renderModule",
          "assetId": "uEJqx1ut6FlvP3",
          "checksum": "e5b273a339cc6defb32f5c84c5e392d6"
        },
        {
          "type": "cssRules",
          "assetId": "uEJqx1ut6FlvP3",
          "checksum": "e5b273a339cc6defb32f5c84c5e392d6"
        },
        {
          "type": "renderModule",
          "assetId": "OCDpitsZu9jMgB",
          "checksum": "ce3bc2449b0edc78bb511a30e7d2e136"
        },
        {
          "type": "cssRules",
          "assetId": "OCDpitsZu9jMgB",
          "checksum": "ce3bc2449b0edc78bb511a30e7d2e136"
        },
        {
          "type": "renderModule",
          "assetId": "MhXCOvYMrxM6tn",
          "checksum": "a7000fc39f386f54c0d387d984769786"
        },
        {
          "type": "cssRules",
          "assetId": "MhXCOvYMrxM6tn",
          "checksum": "a7000fc39f386f54c0d387d984769786"
        },
        {
          "type": "renderModule",
          "assetId": "lZVGv9goENe_hd",
          "checksum": "d149c5669f41eedf85a9e1e2129e2f01"
        },
        {
          "type": "cssRules",
          "assetId": "lZVGv9goENe_hd",
          "checksum": "d149c5669f41eedf85a9e1e2129e2f01"
        },
        {
          "type": "renderModule",
          "assetId": "aGaM_HFbP1FAI_",
          "checksum": "a1c44aa04680b74b9de20195df171094"
        },
        {
          "type": "cssRules",
          "assetId": "aGaM_HFbP1FAI_",
          "checksum": "a1c44aa04680b74b9de20195df171094"
        },
        {
          "type": "renderModule",
          "assetId": "Wjla8Kr3fc55B5",
          "checksum": "833afb38b68d2ac81bbe3d0e94ea77b2"
        },
        {
          "type": "cssRules",
          "assetId": "Wjla8Kr3fc55B5",
          "checksum": "833afb38b68d2ac81bbe3d0e94ea77b2"
        },
        {
          "type": "renderModule",
          "assetId": "C7st6MXL9g",
          "checksum": "af7ab8374abf57793a516ac0a8fd27eb"
        },
        {
          "type": "cssRules",
          "assetId": "C7st6MXL9g",
          "checksum": "af7ab8374abf57793a516ac0a8fd27eb"
        },
        {
          "type": "icon",
          "assetId": "HKcCIpauuB9CGm",
          "checksum": "264b218836bbfd3ffd87b3a76a5f018f"
        },
        {
          "type": "icon",
          "assetId": "m4v5BuZET3af0x",
          "checksum": "5097b032ab9dbceb1803aa0625cf29fa"
        },
        {
          "type": "icon",
          "assetId": "gfo1RJd54zPXVx",
          "checksum": "b4dd0e859bae2fe6c70704f33158444f"
        },
        {
          "type": "icon",
          "assetId": "OiKd2RcJwoXpl_",
          "checksum": "59ae0b7d97ad48fdf18f51482c533c62"
        },
        {
          "type": "icon",
          "assetId": "P2rc9Q1TWVaB44",
          "checksum": "e35e74ab9b3b85c0656b69bd45bfce99"
        },
        {
          "type": "icon",
          "assetId": "6RtdEvdvixNAMI",
          "checksum": "2240d17f0fa3a1b3f4ef5df51740d4eb"
        },
        {
          "type": "icon",
          "assetId": "Dd9xfOskzbTivN",
          "checksum": "3e9596532213c0e7da2ff26da1e01f83"
        },
        {
          "type": "icon",
          "assetId": "p2GNwuTvHzmKNe",
          "checksum": "b927250861b8bfbe913467b44265b1b0"
        },
        {
          "type": "icon",
          "assetId": "FNI9-QXSpX_HrN",
          "checksum": "1ab4fa6e6f38fd8ffca9062e97e89572"
        },
        {
          "type": "icon",
          "assetId": "zkSQt1vk-MZjmD",
          "checksum": "e93e84f9796498b0b9600aa868cd7540"
        },
        {
          "type": "icon",
          "assetId": "dkJYLT93Q85JOK",
          "checksum": "52a93be983cfd09c1211c503ba028a11"
        },
        {
          "type": "icon",
          "assetId": "xckmqqR_vbI0__",
          "checksum": "032ec6ce4a4a139c93a675f49807c625"
        },
        {
          "type": "icon",
          "assetId": "FQoq9U1TFPvVRh",
          "checksum": "0c829ee589778a67397e10fba28f2528"
        },
        {
          "type": "icon",
          "assetId": "cUE2zHzUVb4QLW",
          "checksum": "51a4242cd2c7b973b6aacb155c4df334"
        },
        {
          "type": "icon",
          "assetId": "c4XCd9MXUGyrYU",
          "checksum": "423034d6c0d779b1b0c1e91ff09405cd"
        },
        {
          "type": "icon",
          "assetId": "YAXe-O6tJNqNbs",
          "checksum": "1d1d9ea6d1984b6ed839f13ee7d2e964"
        },
        {
          "type": "icon",
          "assetId": "BGvZrKm96NG2xy",
          "checksum": "9f0e0389e3668b51b1cad7a2d79459ec"
        },
        {
          "type": "icon",
          "assetId": "vzeEL8mJIy1vTA",
          "checksum": "7e64e659ffe9941241a44ccd768f20e1"
        },
        {
          "type": "icon",
          "assetId": "9TgNFHPsotDiNk",
          "checksum": "2d498736273bc3dc21ab7ccd14e47c6c"
        },
        {
          "type": "icon",
          "assetId": "JW4Y-h3dFwGKt2",
          "checksum": "f8de62eeb0005155cd223e619c11cf4a"
        },
        {
          "type": "icon",
          "assetId": "A3GO-ML9pFz3Bi",
          "checksum": "8a865a8e218763f85ec3e790fe662dbd"
        },
        {
          "type": "icon",
          "assetId": "GJE4muMsDXC0_4",
          "checksum": "f63b7c220adc42312bfaf45c539b9081"
        },
        {
          "type": "icon",
          "assetId": "GZi0rXBUQiWJHH",
          "checksum": "4894454a2a1fa1848e8ded0e2d850179"
        },
        {
          "type": "icon",
          "assetId": "sTlBh0bs0kzqgC",
          "checksum": "7f82fa266068638f0ada778c941aa283"
        },
        {
          "type": "icon",
          "assetId": "JDnl_Xul6RiOId",
          "checksum": "389e5d81b0106f84210bc05893914e6a"
        },
        {
          "type": "icon",
          "assetId": "_FFzRS_NjLCgnt",
          "checksum": "c96afe506440751864f522c61bc7150e"
        },
        {
          "type": "icon",
          "assetId": "UqlUGZoPaHAI5f",
          "checksum": "4222466a394235822cc13c883e934396"
        },
        {
          "type": "icon",
          "assetId": "wwF3WJBDN8L3XS",
          "checksum": "3d3f5fc486522570119ed76a7334af27"
        },
        {
          "type": "icon",
          "assetId": "R8IV8dCSEryP5m",
          "checksum": "8d5b6d6e332f948e90ad59188299fb16"
        },
        {
          "type": "icon",
          "assetId": "u2IIierSyAgaix",
          "checksum": "a8662bc2f90f4bba43b763c145701ecd"
        },
        {
          "type": "icon",
          "assetId": "g2jFxg7B-ZIFKO",
          "checksum": "c43dcc246cbd1feb35552130669ee566"
        },
        {
          "type": "icon",
          "assetId": "bkHTdi5OnRMjvD",
          "checksum": "001d33f99809e95fa3b4748a93eff704"
        },
        {
          "type": "icon",
          "assetId": "yS2Lc3COIQg9YB",
          "checksum": "7405a69fad2fd27b624ba7a3b4532069"
        },
        {
          "type": "icon",
          "assetId": "tPRIFKNywHT_Ls",
          "checksum": "b1d55aa040f8c6d97e1370637dc6fd37"
        },
        {
          "type": "icon",
          "assetId": "fhaaIdbHe7Uid_",
          "checksum": "3934f27dd913b2b43003c4fcd718a84b"
        },
        {
          "type": "icon",
          "assetId": "92f1XPSHbVZgyE",
          "checksum": "534362dd25866c87ddf5db477dad48ae"
        },
        {
          "type": "icon",
          "assetId": "D4yg-u7L-R",
          "checksum": "f4ef691e9b0c1d6268bf26ed1197379e"
        },
        {
          "type": "icon",
          "assetId": "p2IhKl_G-k",
          "checksum": "4e72a3992da917339371e4961fcbace8"
        },
        {
          "type": "icon",
          "assetId": "5aWD5r7_tM",
          "checksum": "f035f291b9f5a635b5cf4b2a2061bbac"
        },
        {
          "type": "icon",
          "assetId": "tQkdD_Lu8o",
          "checksum": "c6e9ed91a3c05a0a7932e40822e98cdd"
        },
        {
          "type": "icon",
          "assetId": "adeP3tMlFf",
          "checksum": "9cf8e8f362124cdd0c264a69a7cf0830"
        },
        {
          "type": "icon",
          "assetId": "ldruc1D3Ib",
          "checksum": "f791fb0aa52694fd79edb6ed5cdb4e63"
        },
        {
          "type": "icon",
          "assetId": "f90Jce5FNt",
          "checksum": "bc284c6b67416c83cc9f850c214402bd"
        },
        {
          "type": "icon",
          "assetId": "rJBp9nWPL9",
          "checksum": "a7faba3e659b72037f577d13c7695c91"
        },
        {
          "type": "icon",
          "assetId": "6YLx4Oqz81",
          "checksum": "71dff01ee3ac6e5f0587675a7dcc3db6"
        },
        {
          "type": "icon",
          "assetId": "bJgTgs0f8X",
          "checksum": "aaa74c29c9bf62f34801326f50635fe8"
        },
        {
          "type": "icon",
          "assetId": "mH8n81u4jI",
          "checksum": "472035fcb2feea0c266be22fcf081026"
        },
        {
          "type": "icon",
          "assetId": "HxL6vvEArh",
          "checksum": "d26e5be8213f1b688bc5450633e76e5d"
        },
        {
          "type": "icon",
          "assetId": "pdrbH7mvB9",
          "checksum": "11af34dd6b9d148b3df798c2f5bb2598"
        },
        {
          "type": "icon",
          "assetId": "EIlUn99Mie",
          "checksum": "882be895e6c7de21ac473ce6ceb25f18"
        },
        {
          "type": "icon",
          "assetId": "bU0V-NrL1HH",
          "checksum": "af7a422b7c95061302967da8e4b74645"
        },
        {
          "type": "icon",
          "assetId": "pStams1x1YT",
          "checksum": "f174cfee91e913fda1a601586d8163cc"
        },
        {
          "type": "image",
          "assetId": "NjR2_KvGqs55tu",
          "checksum": "f3178657e9b14bd67957438eefba7475"
        },
        {
          "type": "image",
          "assetId": "Kh2V_2Eks-zhhy",
          "checksum": "7bc1a75b85a9a129c189e06e83aecce8"
        },
        {
          "type": "image",
          "assetId": "DMhdLkHX6n-MNz",
          "checksum": "290dd0f7f4d1b3fdb41cd02ef3ff94e5"
        },
        {
          "type": "image",
          "assetId": "bJUZHf8tINvrnB",
          "checksum": "e03fd442d5b5ef2204d1782c5b74d811"
        },
        {
          "type": "image",
          "assetId": "16E-eJ88ins9-K",
          "checksum": "737d6afe8bc6068b24475953735a3197"
        },
        {
          "type": "image",
          "assetId": "NvvoG07PIWS0P3",
          "checksum": "4fe383e2219bb48aecc7b2d4cc7ccfb6"
        },
        {
          "type": "image",
          "assetId": "N6Y709TsBuqKr5",
          "checksum": "cf2c4794177d7008b92c9c00a7f3fca6"
        },
        {
          "type": "image",
          "assetId": "7OBAxptB8NeNhR",
          "checksum": "a8ec6e616b4689f251af58ba2d260d35"
        },
        {
          "type": "image",
          "assetId": "KPG7fGxiKrB8M3",
          "checksum": "c32328117a2a9fdbd864d4db63fd72f7"
        },
        {
          "type": "image",
          "assetId": "Rq4dRd6Q8yq-Hd",
          "checksum": "7b45784a6382d36dbe3dc6a398b6f94b"
        },
        {
          "type": "image",
          "assetId": "lFfsRsKXni3VzG",
          "checksum": "8d1eae92377b6798e3cae0b7d7a8d90f"
        },
        {
          "type": "image",
          "assetId": "2e5ufyFYArSNvy",
          "checksum": "48f769df3834dc0e091b3b7bf92d8d3c"
        },
        {
          "type": "image",
          "assetId": "7nw6yemezuSXQI",
          "checksum": "ad5d0ddf0c8c536d178b5693c4dcbc85"
        },
        {
          "type": "image",
          "assetId": "AGi1wKoOROZymw",
          "checksum": "a986ec513a6ad801e633ed36545f2892"
        },
        {
          "type": "image",
          "assetId": "9s0f2ve0gyqy5p",
          "checksum": "5bc2137f9e2c29b89e365ab47cc7ead9"
        },
        {
          "type": "image",
          "assetId": "1_e7VuZUqMmMPS",
          "checksum": "8fcfab2c8bf57984e2ffd285024af161"
        },
        {
          "type": "image",
          "assetId": "-H8LkKEPfCe8Yp",
          "checksum": "a1779cab2b9fb5b8b3264ff1f5839dd4"
        },
        {
          "type": "image",
          "assetId": "c9gv93CxEwsRGI",
          "checksum": "61f998005c0bf093c97afd7dd2c9b65b"
        },
        {
          "type": "image",
          "assetId": "JjQTxSvSUhULhn",
          "checksum": "24874b07fc51832f0ec21f1b236aba3a"
        },
        {
          "type": "image",
          "assetId": "SohcCoWrSExpsF",
          "checksum": "a0a0afb970f876ac67b580fa9eac6f70"
        },
        {
          "type": "image",
          "assetId": "t61ZGdF4wnyzBT",
          "checksum": "170967a621cba412cadbcf3cff89fd91"
        },
        {
          "type": "image",
          "assetId": "u4v4wl7gEkXiEj",
          "checksum": "2b292c069075bd43f9b819fadd0d6843"
        },
        {
          "type": "image",
          "assetId": "wsWzrmo-Z-XzzF",
          "checksum": "904f488fe5fd81b087a648a414091cf5"
        },
        {
          "type": "image",
          "assetId": "33BINiMqG-vG6q",
          "checksum": "e4fd902eb116115aca76a1822d99d6c8"
        },
        {
          "type": "image",
          "assetId": "VDxjvVwiCShqDE",
          "checksum": "a3002cace5c6d22583f1866a58787e3c"
        },
        {
          "type": "image",
          "assetId": "C_1bzIJQ9dTD-G",
          "checksum": "f3b8764b79090ad5a749bd87eb6baae4"
        },
        {
          "type": "image",
          "assetId": "asaRfJtvjSQBhl",
          "checksum": "aeed5cf1ec179520634afb2a46aacb77"
        },
        {
          "type": "image",
          "assetId": "A3DtvecUSKyOL1",
          "checksum": "58e1310a987bdc3da79c255c81507eba"
        },
        {
          "type": "image",
          "assetId": "sAfF1Ru8ozaI2X",
          "checksum": "48d91744b70281ffb8261d6170b41637"
        },
        {
          "type": "image",
          "assetId": "I-IxKDy9x1bDvB",
          "checksum": "de227e3699c009cef8957958efb75a9c"
        },
        {
          "type": "image",
          "assetId": "BYlJ0PNos6foSO",
          "checksum": "7d321ad2ae1dd7fa7aa333b952894614"
        },
        {
          "type": "image",
          "assetId": "4bw0MDYdNQj0YL",
          "checksum": "44cbf88916f6335719dc57e71b2d266c"
        },
        {
          "type": "image",
          "assetId": "NS4Aa7CqZvVgUt",
          "checksum": "2dac1392c0f084090c08ab12e6ecca00"
        },
        {
          "type": "image",
          "assetId": "dMfyWICdMA4oQg",
          "checksum": "d4663425f15e21d1b84dab447ea439b5"
        },
        {
          "type": "image",
          "assetId": "gXrxtDfGActuoy",
          "checksum": "3b50ba9159611baddb47a9d898e69710"
        },
        {
          "type": "image",
          "assetId": "744hQkWubDaM9M",
          "checksum": "eeff07ef7bb4991aa4fce8ec7473d38f"
        },
        {
          "type": "image",
          "assetId": "M0RbkYIxJX3b7E",
          "checksum": "3a41fe75dcc403989b84d58f1dcfd94c"
        },
        {
          "type": "image",
          "assetId": "WMtPCqu9IHnOHt",
          "checksum": "10d4f6f154dde7d104d802d77c7e5a24"
        },
        {
          "type": "image",
          "assetId": "l2GfvPQuiLODxs",
          "checksum": "47428d74a83f08d8d4c9454ce292f1fa"
        },
        {
          "type": "image",
          "assetId": "YOXxeiZTTvA6Ta",
          "checksum": "2389173c1b04b810053a221314804e52"
        },
        {
          "type": "image",
          "assetId": "Wbsna_6odnLXXy",
          "checksum": "015d8609aca37b4e7c1e740a73c4b638"
        },
        {
          "type": "image",
          "assetId": "TYSQL6wNbKHYCj",
          "checksum": "29fa60a6a68f570c12d6507af9e53bc0"
        },
        {
          "type": "image",
          "assetId": "82RCAvHQvdLxBc",
          "checksum": "fb270fd1917394f4ea03d6bd002362ed"
        },
        {
          "type": "image",
          "assetId": "ZWp9OID4cEWQMk",
          "checksum": "9d16a658c4de772fcecfcbcb0612c243"
        },
        {
          "type": "image",
          "assetId": "zqKFalrhgG7BCX",
          "checksum": "8fa342861739f59f6cecdd9c8e97c51c"
        },
        {
          "type": "image",
          "assetId": "RmjvAGXaxKApfi",
          "checksum": "f84a719a896432a1d165ae9c8ab78703"
        },
        {
          "type": "image",
          "assetId": "XfWzlJfA1iW4Ni",
          "checksum": "3cb12aa0782a44342721cf75f234a8e1"
        },
        {
          "type": "image",
          "assetId": "YOtveNi02cWh0x",
          "checksum": "6756b311907c52c976fff3bcc8902d30"
        },
        {
          "type": "image",
          "assetId": "36YMdk4SSsShzr",
          "checksum": "bdec307d51522e9542205fd4640342ab"
        },
        {
          "type": "image",
          "assetId": "5034nwJqXaXwIC",
          "checksum": "2e7f57fa5ebf82c0996b929ab953dc13"
        },
        {
          "type": "image",
          "assetId": "l5FRIX0Fr9ipti",
          "checksum": "127bc72846554d97590a760298aae29f"
        },
        {
          "type": "image",
          "assetId": "OlUgLaPew3S_zR",
          "checksum": "8297dfd9c6db6448bf68f4473abe5849"
        },
        {
          "type": "image",
          "assetId": "mo0eDgNM5JTp9h",
          "checksum": "ad7cfc7b804203fc33b091b0ccf716f8"
        },
        {
          "type": "image",
          "assetId": "Td7_c4hoUWei_r",
          "checksum": "404105cd33dc7c34c6aff14300a103b1"
        },
        {
          "type": "image",
          "assetId": "fATYJkRFY4BpAP",
          "checksum": "521b0b2306c031cc724788180cf33884"
        },
        {
          "type": "image",
          "assetId": "xeNmjLmdAey4eR",
          "checksum": "c9492cc47e12f3b8760567b2e328fa5a"
        },
        {
          "type": "image",
          "assetId": "EAoZhbI1irD02L",
          "checksum": "aefcef35d876053d820b3f4866682098"
        },
        {
          "type": "image",
          "assetId": "aDet74ggqnwiax",
          "checksum": "9e3614d03b2d21e8266c1d61bdf49222"
        },
        {
          "type": "image",
          "assetId": "5tvJ212qjZy_mQ",
          "checksum": "f39ca779712a5845557e926d49981d9e"
        },
        {
          "type": "image",
          "assetId": "9H53z_3RrUpFIf",
          "checksum": "fd35e01a1aec0b8e070442ddec38df7a"
        },
        {
          "type": "image",
          "assetId": "v1cQZuUZYZXGdG",
          "checksum": "aa35d998615542f2ff4c3971d0228849"
        },
        {
          "type": "image",
          "assetId": "CIUFiRvSQK8b5g",
          "checksum": "eb43cfe73109615148f34575090510b0"
        },
        {
          "type": "image",
          "assetId": "u2Flvguw27kz_-",
          "checksum": "6db7210c79a2e17ab7837d810b85d539"
        },
        {
          "type": "image",
          "assetId": "fBFjQklGcX_Brp",
          "checksum": "d613d70cef1362272a6d8c49ded1f56d"
        },
        {
          "type": "image",
          "assetId": "mlJ0zAMZ9BQ8QJ",
          "checksum": "25ccb5b9b8248f087c1dd1ecfe8e9636"
        },
        {
          "type": "image",
          "assetId": "AjorxYwdsXQQzL",
          "checksum": "f7484815a1bf6739f42d690c471d295b"
        },
        {
          "type": "image",
          "assetId": "iIv8xheXdvblLe",
          "checksum": "8ed05cc4caca77dac97c97d50f87532f"
        },
        {
          "type": "image",
          "assetId": "ZO8PY54cbFUfiu",
          "checksum": "ca7c793d61c63730af5c2da23300e1fb"
        },
        {
          "type": "image",
          "assetId": "8Ek5WJARgcaHsF",
          "checksum": "1fe99fc5e3a2ec685334fdc92c059dde"
        },
        {
          "type": "image",
          "assetId": "1LGbysFd2uNwf3",
          "checksum": "cdc7b87fe01098bd03a1738ee61aac28"
        },
        {
          "type": "image",
          "assetId": "P0K0ntUB5aPjRZ",
          "checksum": "decb0bb92bbd98ae305b48639af54d9a"
        },
        {
          "type": "image",
          "assetId": "W-aKzWc5ovsr27",
          "checksum": "a94962466077ca577ef4a292f8f39dc7"
        },
        {
          "type": "image",
          "assetId": "8PaJypPh9J5mBA",
          "checksum": "a656edba11a72c2810e2a819f04d10d4"
        },
        {
          "type": "image",
          "assetId": "hlzRlXZL4yQ2kM",
          "checksum": "5a46ec7391412adde792b1390b9ddb74"
        },
        {
          "type": "image",
          "assetId": "4al0-cA81UreX4",
          "checksum": "58cf51cc0289cfc5062f30e33f132554"
        },
        {
          "type": "image",
          "assetId": "bSV0HjSAxQxFpS",
          "checksum": "5298f5a4af32151c34df01042c8e6dd5"
        },
        {
          "type": "image",
          "assetId": "726akwsNtJ8JdP",
          "checksum": "8665b2cbebb29c287b9681e1581eaeb1"
        },
        {
          "type": "image",
          "assetId": "rHcxHJSCg6buvM",
          "checksum": "e0bb274733f46bcca1f91cf029c57715"
        },
        {
          "type": "image",
          "assetId": "yJmsPdlpZTgAer",
          "checksum": "ee35e2c7d3005e05ae513817441aed12"
        },
        {
          "type": "image",
          "assetId": "8y_uFig9uqizRU",
          "checksum": "f6ec13e512d055da9d0288ebbeefdd5d"
        },
        {
          "type": "image",
          "assetId": "t3wR5NAlk4_aAh",
          "checksum": "206368db9dc7c3a7317aa1236ceff01d"
        },
        {
          "type": "image",
          "assetId": "VuVR7x6YaYhDM2",
          "checksum": "48f671b0ddcf4567c3c6383d9797954c"
        },
        {
          "type": "image",
          "assetId": "o4nqeTq325HARn",
          "checksum": "b22fef455efca608271637dab1686874"
        },
        {
          "type": "image",
          "assetId": "0TFk5Wqg4uDWsl",
          "checksum": "fe96fec9f1033d15e941240f855c80f3"
        },
        {
          "type": "image",
          "assetId": "0E7Y8Y5haNm2SM",
          "checksum": "b83bb0b6f85e88f288eab1952d73d526"
        },
        {
          "type": "image",
          "assetId": "6D51Chv_1ixU9f",
          "checksum": "95e3b2a866d4418695ef99c29b89ce37"
        },
        {
          "type": "image",
          "assetId": "qK2H4P_jkMbsLy",
          "checksum": "7f3be2586a82bcdbff9b33f455a4042e"
        },
        {
          "type": "image",
          "assetId": "L59-IQkRLiCB_V",
          "checksum": "fee48a3319bd5b1651c7ebc67a21943d"
        },
        {
          "type": "image",
          "assetId": "zpZzCfk2c2rr_N",
          "checksum": "d9074d5c882adad6386e19e44bdecf31"
        },
        {
          "type": "image",
          "assetId": "jETCtkBoUKY_uB",
          "checksum": "3afd32e88953a867bd14e93fbad3d33b"
        },
        {
          "type": "image",
          "assetId": "aTjPdBJWFPHg9a",
          "checksum": "308ecdbe463b700d1c9c8c7939b43605"
        },
        {
          "type": "image",
          "assetId": "aRvxA9RRhkkoBS",
          "checksum": "473d19b31e139c85c10f9c5c16ee41c0"
        },
        {
          "type": "image",
          "assetId": "mK0STQL7pT_nZp",
          "checksum": "b1f9b1bfc43506feaee8641eb19f39a0"
        },
        {
          "type": "image",
          "assetId": "rAFRLmExu2GUhY",
          "checksum": "b9f44474bbc338f1498f9890bd0b5e35"
        },
        {
          "type": "image",
          "assetId": "ijgZ5W9EcodXch",
          "checksum": "b3149d9fdce10ddfab0212f6ae960087"
        },
        {
          "type": "image",
          "assetId": "u94LW-iBsiLoq4",
          "checksum": "ced3054a1111fdae682d91913d87d6e4"
        },
        {
          "type": "image",
          "assetId": "W9qnpBjZLIv08s",
          "checksum": "f883a266eb54f9a0af2de5d496231a1c"
        },
        {
          "type": "image",
          "assetId": "UfWvsW1zF-p3VI",
          "checksum": "876132b31a30d3bc7e4281600a4e97cc"
        },
        {
          "type": "image",
          "assetId": "agu_xiPyamKdQg",
          "checksum": "9090253012527a4d9103050bbc6f6f14"
        },
        {
          "type": "image",
          "assetId": "PvQzulSVlzC0Jl",
          "checksum": "32a5440ce86c232605d0a2ba22daf2e1"
        },
        {
          "type": "image",
          "assetId": "SOKuGm6PjIJgy3",
          "checksum": "b94c00a1630d1d522d2e00fc0469def6"
        },
        {
          "type": "image",
          "assetId": "cMXLIB2euentmL",
          "checksum": "c4df1196e87c2888efb757aca85ebe0d"
        },
        {
          "type": "image",
          "assetId": "iaDvV3395pDIQd",
          "checksum": "2809279ba5948c5dfb898c75b28878f4"
        },
        {
          "type": "image",
          "assetId": "clBX-mREUPBN2z",
          "checksum": "ecda17bbc7e38867eba474957efdad92"
        },
        {
          "type": "image",
          "assetId": "tKmM_METtepG38",
          "checksum": "a4cfe0541cc74ddc1be49cc1425e448e"
        },
        {
          "type": "image",
          "assetId": "ZxkyHp7R5aLkPW",
          "checksum": "8307f00b2ca4ed19378fb155a039e1c3"
        },
        {
          "type": "image",
          "assetId": "5-lCfeD5EdxPeD",
          "checksum": "3b66f71b16a70c2fc24613baa51b0985"
        },
        {
          "type": "image",
          "assetId": "9M-cJ6TX9ZKORg",
          "checksum": "ef9ee50001d10d397e03482f865fc5bb"
        },
        {
          "type": "image",
          "assetId": "rqOipN96_Qvicx",
          "checksum": "20b68a8d16cf0266c258f8f0b3aa5275"
        },
        {
          "type": "image",
          "assetId": "SHzdfGWg0LMnkv",
          "checksum": "706eea28bfc6fca97c84e1ea6ca81567"
        },
        {
          "type": "image",
          "assetId": "-BFcQcX-0VFFzR",
          "checksum": "a591b3c93973e8cdce7e393b0fc3ee0f"
        },
        {
          "type": "image",
          "assetId": "imNTmyWhvK2uiH",
          "checksum": "aff5fd9bdf65ae47d65fb37158a574c7"
        },
        {
          "type": "image",
          "assetId": "0dDWOOm3LIgs3u",
          "checksum": "8515a92caffba720ecd262b80abd3f30"
        },
        {
          "type": "image",
          "assetId": "p7_f9FbzpOonY4",
          "checksum": "db4e4d20450210795b87017be64d47c4"
        },
        {
          "type": "image",
          "assetId": "dzQjVylFvCzDGD",
          "checksum": "ef7c8c7840d552de5cbba860aaa0e776"
        },
        {
          "type": "image",
          "assetId": "sAHBv8fT_Q9atS",
          "checksum": "002cf38d1eb66cf26105fd7d97ce4898"
        },
        {
          "type": "image",
          "assetId": "8zmFxksLeCl-xz",
          "checksum": "d07792bd261af6749122d6569d45eca2"
        },
        {
          "type": "image",
          "assetId": "Hx0uOgdXsZBJws",
          "checksum": "2db05d78a2a00ac5f00ce184f609ad1e"
        },
        {
          "type": "image",
          "assetId": "ia4gTxwN96ZZw-",
          "checksum": "295f60f53425bf54b45fd659e4d00629"
        },
        {
          "type": "image",
          "assetId": "5SZeCoLc6KSw9x",
          "checksum": "9982976d16c73d6389a1063901b93fc0"
        },
        {
          "type": "image",
          "assetId": "jQWC4HzwxbmzpQ",
          "checksum": "edcf3078dfc4836cbd438b8636d3fb4a"
        },
        {
          "type": "image",
          "assetId": "fNXkC-HFdIVI2f",
          "checksum": "5a69f69b7a48a861d5c8aa872cb2969e"
        },
        {
          "type": "image",
          "assetId": "iSV2D8V96JVkbd",
          "checksum": "ce9735af67367517eb1a7dd969cf05a6"
        },
        {
          "type": "image",
          "assetId": "D1HWozy4hEe55c",
          "checksum": "1019ce0e05620cea09b548caa446d346"
        },
        {
          "type": "image",
          "assetId": "tzSdSWChkreviw",
          "checksum": "e071b56df1e7d1c077f2ce45cd4fd161"
        },
        {
          "type": "image",
          "assetId": "UnmYYwBCPAQuzd",
          "checksum": "8446616c4b4b7b510a9a0b3d0911f28b"
        },
        {
          "type": "image",
          "assetId": "Rb-HhTP6w6TrVE",
          "checksum": "2df86f6e2c10701097996ea284eb7c1a"
        },
        {
          "type": "image",
          "assetId": "N-VsTNJK0E5aL0",
          "checksum": "94278a8127a3f79bcc9cf9ee8c61a548"
        },
        {
          "type": "image",
          "assetId": "7Obl_DxnQsiLa1",
          "checksum": "a8169e8097e1c09986ed0e333d45aff2"
        },
        {
          "type": "image",
          "assetId": "E_GGY7aYgxay_M",
          "checksum": "d610333d09e0a3ba279be0fab82cfe03"
        },
        {
          "type": "image",
          "assetId": "ip5hNJLziYMQI7",
          "checksum": "e348abdcd4b022b52dc66ccd14205d83"
        },
        {
          "type": "image",
          "assetId": "boyXpV9cbjjDrA",
          "checksum": "3c3da4d52b51a43059ca27eff8c4df99"
        },
        {
          "type": "image",
          "assetId": "Xeq9OyvWrgKrjY",
          "checksum": "d32858e0727b31a96f15742a0158bb28"
        },
        {
          "type": "image",
          "assetId": "78rQ2R7w8SlZjn",
          "checksum": "52b2c10022162bd37c6532cd390a87ab"
        },
        {
          "type": "image",
          "assetId": "seMMxBLRBfBXo8",
          "checksum": "8758236078aaecee1ab792ee8dcf5ce0"
        },
        {
          "type": "image",
          "assetId": "FL5SX6M0q_Y3PB",
          "checksum": "7929c5b2bf84f509acb36b5864bc143f"
        },
        {
          "type": "image",
          "assetId": "DqUepjI-5rlVPF",
          "checksum": "0c8b967916157eb16773ae764d18192f"
        },
        {
          "type": "image",
          "assetId": "-sxfiRxlFm-mW9",
          "checksum": "cf12c3fe895b2183a45a41d446239c5f"
        },
        {
          "type": "image",
          "assetId": "135-3Qndoc6kYt",
          "checksum": "089fb62295ea3686030ed26bf9bf92c4"
        },
        {
          "type": "image",
          "assetId": "JoDm5udYujkkE5",
          "checksum": "02f15f1be9572e7632da97a858fef4b2"
        },
        {
          "type": "image",
          "assetId": "Bm-wLfhGgmpDHV",
          "checksum": "9d5fb9c71764815ebfc2b50084128dd0"
        },
        {
          "type": "image",
          "assetId": "cLwonlW2LUgIMh",
          "checksum": "04ae57345dcbd1ba695ce75ec4ee20ab"
        },
        {
          "type": "image",
          "assetId": "9hgOy1RVS_4F60",
          "checksum": "c447b63a12107d8490a07d95475db9f1"
        },
        {
          "type": "image",
          "assetId": "BLtRgv_Ge-Ahxn",
          "checksum": "13b8ccd18c538151798664e9a06bd140"
        },
        {
          "type": "image",
          "assetId": "ACudQ4twFuqE0r",
          "checksum": "4cde643a5545c6da4e15561df895680d"
        },
        {
          "type": "image",
          "assetId": "KXRIj1fpiFDIJ0",
          "checksum": "16422e550c20f09ba4c08e74dcf3a8c4"
        },
        {
          "type": "image",
          "assetId": "b4mmqF1coWCt5p",
          "checksum": "62e38b491f5b013ae4dfb1cdca13a87a"
        },
        {
          "type": "image",
          "assetId": "NuZgmTc8qbDtyZ",
          "checksum": "017abce13769558300161a39cb16d822"
        },
        {
          "type": "image",
          "assetId": "oWiWUXPNwfguPP",
          "checksum": "4de35b146041d93ca657e167f11d0465"
        },
        {
          "type": "image",
          "assetId": "vkR_noOmdPl0YL",
          "checksum": "18c9a94578a37cfc10500e61a48fe26c"
        },
        {
          "type": "image",
          "assetId": "RXLJTA-kB3PrWB",
          "checksum": "20e0cf7aa6c45f928c3cbf349587980d"
        },
        {
          "type": "image",
          "assetId": "LsptFJkTK",
          "checksum": "13f61af6c88406742b159168a0f6b131"
        },
        {
          "type": "image",
          "assetId": "PFQMlSvIlk",
          "checksum": "47b9df34d7270d5bf560abe97f0ec8cd"
        }
      ],
      "codegenVersion": "0.0.1"
    }
  ],
  "cliVersion": "0.1.292"
}
